
Microsoft Visual Studio Solution File, Format Version 12.00
# Visual Studio 2012
Project("{8BC9CEB8-8B4A-11D0-8D11-00A0C91BC942}") = "迷宫随便写", "迷宫随便写\迷宫随便写.vcxproj", "{04AD6562-B203-49BD-9F9B-7ED5B916EDD3}"
EndProject
Global
	GlobalSection(SolutionConfigurationPlatforms) = preSolution
		Debug|Win32 = Debug|Win32
		Release|Win32 = Release|Win32
	EndGlobalSection
	GlobalSection(ProjectConfigurationPlatforms) = postSolution
		{04AD6562-B203-49BD-9F9B-7ED5B916EDD3}.Debug|Win32.ActiveCfg = Debug|Win32
		{04AD6562-B203-49BD-9F9B-7ED5B916EDD3}.Debug|Win32.Build.0 = Debug|Win32
		{04AD6562-B203-49BD-9F9B-7ED5B916EDD3}.Release|Win32.ActiveCfg = Release|Win32
		{04AD6562-B203-49BD-9F9B-7ED5B916EDD3}.Release|Win32.Build.0 = Release|Win32
	EndGlobalSection
	GlobalSection(SolutionProperties) = preSolution
		HideSolutionNode = FALSE
	EndGlobalSection
EndGlobal
